hash: e6c6d394da47b049066f938c4d286377c318f4767a368f1e36a08149f9ba520c
updated: 2019-06-01T19:21:04.513141858+02:00
imports:
- name: github.com/cloudfoundry-community/go-cfenv
  version: f920e9562d5f951cbf11785728f67258c38a10d0
- name: github.com/fogleman/gg
  version: 0403632d5b905943a1c2a5b2763aaecd568467ec
- name: github.com/golang-migrate/migrate
  version: 4937cd088f7c7193ee59b319c1c2caa7482aae8e
  subpackages:
  - database
  - database/postgres
  - source
  - source/file
- name: github.com/golang/freetype
  version: e2365dfdc4a05e4b8299a783240d4a7d5a65d4e4
  subpackages:
  - raster
  - truetype
- name: github.com/gorilla/mux
  version: ed099d42384823742bba0bf9a72b53b55c9e2e38
- name: github.com/JamesClonk/iRcollector
  version: 397de463664a8b0a2aba9020b5b7dc9e96c6f411
  subpackages:
  - database
  - env
  - log
- name: github.com/jmoiron/sqlx
  version: d161d7a76b5661016ad0b085869f77fd410f3e6a
  subpackages:
  - reflectx
- name: github.com/konsorten/go-windows-terminal-sequences
  version: f55edac94c9bbba5d6182a4be46d86a2c9b5b50e
- name: github.com/lib/pq
  version: bc6a3c0594130b1e34005880bc600b6d3f49fa7f
  subpackages:
  - oid
  - scram
- name: github.com/mitchellh/mapstructure
  version: 3536a929edddb9a5b34bd6861dc4a9647cb459fe
- name: github.com/robfig/cron
  version: b41be1df696709bb6395fe435af20370037c0b4c
- name: github.com/sirupsen/logrus
  version: e1e72e9de974bd926e5c56f83753fba2df402ce5
- name: golang.org/x/crypto
  version: 22d7a77e9e5f409e934ed268692e56707cd169e5
  subpackages:
  - ssh/terminal
- name: golang.org/x/image
  version: 61b8692d9a5c9886248d7f96e0ba50ad77baab4c
  subpackages:
  - draw
  - font
  - font/basicfont
  - math/f64
  - math/fixed
- name: golang.org/x/sys
  version: 61b9204099cb1bebc803c9ffb9b2d3acd9d457d9
  subpackages:
  - unix
  - windows
testImports:
- name: github.com/davecgh/go-spew
  version: d8f796af33cc11cb798c1aaeb27a4ebc5099927d
  subpackages:
  - spew
- name: github.com/pmezard/go-difflib
  version: 5d4384ee4fb2527b0a1256a821ebfc92f91efefc
  subpackages:
  - difflib
- name: github.com/stretchr/testify
  version: ffdc059bfe9ce6a4e144ba849dbedead332c6053
  subpackages:
  - assert
