hash: e6c6d394da47b049066f938c4d286377c318f4767a368f1e36a08149f9ba520c
updated: 2020-05-31T22:00:56.244574855+02:00
imports:
- name: github.com/cloudfoundry-community/go-cfenv
  version: f920e9562d5f951cbf11785728f67258c38a10d0
- name: github.com/fogleman/gg
  version: 0403632d5b905943a1c2a5b2763aaecd568467ec
- name: github.com/golang-migrate/migrate
  version: 4937cd088f7c7193ee59b319c1c2caa7482aae8e
  subpackages:
  - database
  - database/postgres
  - source
  - source/file
- name: github.com/golang/freetype
  version: e2365dfdc4a05e4b8299a783240d4a7d5a65d4e4
  subpackages:
  - raster
  - truetype
- name: github.com/gorilla/mux
  version: 75dcda0896e109a2a22c9315bca3bb21b87b2ba5
- name: github.com/JamesClonk/iRcollector
  version: 5e614b03a6eb2e070a0d78bd3f076d24a59b093c
  subpackages:
  - database
  - env
  - log
- name: github.com/jmoiron/sqlx
  version: d161d7a76b5661016ad0b085869f77fd410f3e6a
  subpackages:
  - reflectx
- name: github.com/konsorten/go-windows-terminal-sequences
  version: f55edac94c9bbba5d6182a4be46d86a2c9b5b50e
- name: github.com/lib/pq
  version: bc6a3c0594130b1e34005880bc600b6d3f49fa7f
  subpackages:
  - oid
  - scram
- name: github.com/mitchellh/mapstructure
  version: 20e21c67c4d0e1b4244f83449b7cdd10435ee998
- name: github.com/robfig/cron
  version: b41be1df696709bb6395fe435af20370037c0b4c
- name: github.com/sirupsen/logrus
  version: e1e72e9de974bd926e5c56f83753fba2df402ce5
- name: golang.org/x/crypto
  version: 1f22c0103821b9390939b6776727195525381532
  subpackages:
  - ssh/terminal
- name: golang.org/x/image
  version: 61b8692d9a5c9886248d7f96e0ba50ad77baab4c
  subpackages:
  - draw
  - font
  - font/basicfont
  - math/f64
  - math/fixed
testImports:
- name: github.com/davecgh/go-spew
  version: d8f796af33cc11cb798c1aaeb27a4ebc5099927d
  subpackages:
  - spew
- name: github.com/pmezard/go-difflib
  version: 5d4384ee4fb2527b0a1256a821ebfc92f91efefc
  subpackages:
  - difflib
- name: github.com/stretchr/testify
  version: ffdc059bfe9ce6a4e144ba849dbedead332c6053
  subpackages:
  - assert
